
Microsoft Visual Studio Solution File, Format Version 12.00
# Visual Studio Version 17
VisualStudioVersion = 17.7.34031.279
MinimumVisualStudioVersion = 10.0.40219.1
Project("{9A19103F-16F7-4668-BE54-9A1E7A4F7556}") = "UpsClient", "UpsClient\UpsClient.csproj", "{519E283A-12B9-443B-B648-FFA8FD4340B9}"
EndProject
Project("{9A19103F-16F7-4668-BE54-9A1E7A4F7556}") = "UpsClient.Desktop", "UpsClient.Desktop\UpsClient.Desktop.csproj", "{875BAB07-CE4E-425D-BFA5-BFE879C175A4}"
EndProject
Global
	GlobalSection(SolutionConfigurationPlatforms) = preSolution
		Debug|Any CPU = Debug|Any CPU
		Release|Any CPU = Release|Any CPU
	EndGlobalSection
	GlobalSection(ProjectConfigurationPlatforms) = postSolution
		{519E283A-12B9-443B-B648-FFA8FD4340B9}.Debug|Any CPU.ActiveCfg = Debug|Any CPU
		{519E283A-12B9-443B-B648-FFA8FD4340B9}.Debug|Any CPU.Build.0 = Debug|Any CPU
		{519E283A-12B9-443B-B648-FFA8FD4340B9}.Release|Any CPU.ActiveCfg = Release|Any CPU
		{519E283A-12B9-443B-B648-FFA8FD4340B9}.Release|Any CPU.Build.0 = Release|Any CPU
		{875BAB07-CE4E-425D-BFA5-BFE879C175A4}.Debug|Any CPU.ActiveCfg = Debug|Any CPU
		{875BAB07-CE4E-425D-BFA5-BFE879C175A4}.Debug|Any CPU.Build.0 = Debug|Any CPU
		{875BAB07-CE4E-425D-BFA5-BFE879C175A4}.Release|Any CPU.ActiveCfg = Release|Any CPU
		{875BAB07-CE4E-425D-BFA5-BFE879C175A4}.Release|Any CPU.Build.0 = Release|Any CPU
	EndGlobalSection
	GlobalSection(SolutionProperties) = preSolution
		HideSolutionNode = FALSE
	EndGlobalSection
	GlobalSection(ExtensibilityGlobals) = postSolution
		SolutionGuid = {848493D8-F9B2-464D-8013-950C45E0EE2E}
	EndGlobalSection
EndGlobal
